lockfileVersion: '9.0'

settings:
  autoInstallPeers: true
  excludeLinksFromLockfile: false

importers:

  .:
    devDependencies:
      '@vitejs/plugin-vue':
        specifier: ^5.2.4
        version: 5.2.4(vite@5.4.21(@types/node@25.9.2))(vue@3.5.35(typescript@5.9.3))
      pinia:
        specifier: ^2.3.1
        version: 2.3.1(typescript@5.9.3)(vue@3.5.35(typescript@5.9.3))
      typescript:
        specifier: ^5.3.0
        version: 5.9.3
      vite:
        specifier: ^5.4.0
        version: 5.4.21(@types/node@25.9.2)
      vue:
        specifier: ^3.5.35
        version: 3.5.35(typescript@5.9.3)
      vue-router:
        specifier: ^4.6.4
        version: 4.6.4(vue@3.5.35(typescript@5.9.3))
      vue-tsc:
        specifier: ^2.2.12
        version: 2.2.12(typescript@5.9.3)

packages:

  '@babel/helper-string-parser@7.29.7':
    resolution: {integrity: sha512-Pb5ijPrZ89GDH8223L4UP8i6QApWxs04RbPQJTeWDV0/keR2E36MeKnyr6LYmUUvqRRI+Iv87SuF1W6ErINzYw==}
    engines: {node: '>=6.9.0'}

  '@babel/helper-validator-identifier@7.29.7':
    resolution: {integrity: sha512-qehxGkRj55h/ff8EMaJ+cYhyaKlHIxqYDn682wQD7RNp9UujOQsHog2uS0r2vzr4pW+sXf90NeeayjcNaX3fFg==}
    engines: {node: '>=6.9.0'}

  '@babel/parser@7.29.7':
    resolution: {integrity: sha512-hnORnjP/1P/zFEndoeX+n+t1RwWRJiJpM/jO7FW32Kn9r5+sJB2JWOdYo4L6k78j15eCwY3Gm/7364B1EMwtNg==}
    engines: {node: '>=6.0.0'}
    hasBin: true

  '@babel/types@7.29.7':
    resolution: {integrity: sha512-4zBIxpPzowiZpusoFkyGVwakdRJUyuH5PxQ/PrqghfdFWWasvnCdPfQXHrenDai+gyLARulZjZowCOj6fjT4pA==}
    engines: {node: '>=6.9.0'}

  '@esbuild/aix-ppc64@0.21.5':
    resolution: {integrity: sha512-1SDgH6ZSPTlggy1yI6+Dbkiz8xzpHJEVAlF/AM1tHPLsf5STom9rwtjE4hKAF20FfXXNTFqEYXyJNWh1GiZedQ==}
    engines: {node: '>=12'}
    cpu: [ppc64]
    os: [aix]

  '@esbuild/android-arm64@0.21.5':
    resolution: {integrity: sha512-c0uX9VAUBQ7dTDCjq+wdyGLowMdtR/GoC2U5IYk/7D1H1JYC0qseD7+11iMP2mRLN9RcCMRcjC4YMclCzGwS/A==}
    engines: {node: '>=12'}
    cpu: [arm64]
    os: [android]

  '@esbuild/android-arm@0.21.5':
    resolution: {integrity: sha512-vCPvzSjpPHEi1siZdlvAlsPxXl7WbOVUBBAowWug4rJHb68Ox8KualB+1ocNvT5fjv6wpkX6o/iEpbDrf68zcg==}
    engines: {node: '>=12'}
    cpu: [arm]
    os: [android]

  '@esbuild/android-x64@0.21.5':
    resolution: {integrity: sha512-D7aPRUUNHRBwHxzxRvp856rjUHRFW1SdQATKXH2hqA0kAZb1hKmi02OpYRacl0TxIGz/ZmXWlbZgjwWYaCakTA==}
    engines: {node: '>=12'}
    cpu: [x64]
    os: [android]

  '@esbuild/darwin-arm64@0.21.5':
    resolution: {integrity: sha512-DwqXqZyuk5AiWWf3UfLiRDJ5EDd49zg6O9wclZ7kUMv2WRFr4HKjXp/5t8JZ11QbQfUS6/cRCKGwYhtNAY88kQ==}
    engines: {node: '>=12'}
    cpu: [arm64]
    os: [darwin]

  '@esbuild/darwin-x64@0.21.5':
    resolution: {integrity: sha512-se/JjF8NlmKVG4kNIuyWMV/22ZaerB+qaSi5MdrXtd6R08kvs2qCN4C09miupktDitvh8jRFflwGFBQcxZRjbw==}
    engines: {node: '>=12'}
    cpu: [x64]
    os: [darwin]

  '@esbuild/freebsd-arm64@0.21.5':
    resolution: {integrity: sha512-5JcRxxRDUJLX8JXp/wcBCy3pENnCgBR9bN6JsY4OmhfUtIHe3ZW0mawA7+RDAcMLrMIZaf03NlQiX9DGyB8h4g==}
    engines: {node: '>=12'}
    cpu: [arm64]
    os: [freebsd]

  '@esbuild/freebsd-x64@0.21.5':
    resolution: {integrity: sha512-J95kNBj1zkbMXtHVH29bBriQygMXqoVQOQYA+ISs0/2l3T9/kj42ow2mpqerRBxDJnmkUDCaQT/dfNXWX/ZZCQ==}
    engines: {node: '>=12'}
    cpu: [x64]
    os: [freebsd]

  '@esbuild/linux-arm64@0.21.5':
    resolution: {integrity: sha512-ibKvmyYzKsBeX8d8I7MH/TMfWDXBF3db4qM6sy+7re0YXya+K1cem3on9XgdT2EQGMu4hQyZhan7TeQ8XkGp4Q==}
    engines: {node: '>=12'}
    cpu: [arm64]
    os: [linux]

  '@esbuild/linux-arm@0.21.5':
    resolution: {integrity: sha512-bPb5AHZtbeNGjCKVZ9UGqGwo8EUu4cLq68E95A53KlxAPRmUyYv2D6F0uUI65XisGOL1hBP5mTronbgo+0bFcA==}
    engines: {node: '>=12'}
    cpu: [arm]
    os: [linux]

  '@esbuild/linux-ia32@0.21.5':
    resolution: {integrity: sha512-YvjXDqLRqPDl2dvRODYmmhz4rPeVKYvppfGYKSNGdyZkA01046pLWyRKKI3ax8fbJoK5QbxblURkwK/MWY18Tg==}
    engines: {node: '>=12'}
    cpu: [ia32]
    os: [linux]

  '@esbuild/linux-loong64@0.21.5':
    resolution: {integrity: sha512-uHf1BmMG8qEvzdrzAqg2SIG/02+4/DHB6a9Kbya0XDvwDEKCoC8ZRWI5JJvNdUjtciBGFQ5PuBlpEOXQj+JQSg==}
    engines: {node: '>=12'}
    cpu: [loong64]
    os: [linux]

  '@esbuild/linux-mips64el@0.21.5':
    resolution: {integrity: sha512-IajOmO+KJK23bj52dFSNCMsz1QP1DqM6cwLUv3W1QwyxkyIWecfafnI555fvSGqEKwjMXVLokcV5ygHW5b3Jbg==}
    engines: {node: '>=12'}
    cpu: [mips64el]
    os: [linux]

  '@esbuild/linux-ppc64@0.21.5':
    resolution: {integrity: sha512-1hHV/Z4OEfMwpLO8rp7CvlhBDnjsC3CttJXIhBi+5Aj5r+MBvy4egg7wCbe//hSsT+RvDAG7s81tAvpL2XAE4w==}
    engines: {node: '>=12'}
    cpu: [ppc64]
    os: [linux]

  '@esbuild/linux-riscv64@0.21.5':
    resolution: {integrity: sha512-2HdXDMd9GMgTGrPWnJzP2ALSokE/0O5HhTUvWIbD3YdjME8JwvSCnNGBnTThKGEB91OZhzrJ4qIIxk/SBmyDDA==}
    engines: {node: '>=12'}
    cpu: [riscv64]
    os: [linux]

  '@esbuild/linux-s390x@0.21.5':
    resolution: {integrity: sha512-zus5sxzqBJD3eXxwvjN1yQkRepANgxE9lgOW2qLnmr8ikMTphkjgXu1HR01K4FJg8h1kEEDAqDcZQtbrRnB41A==}
    engines: {node: '>=12'}
    cpu: [s390x]
    os: [linux]

  '@esbuild/linux-x64@0.21.5':
    resolution: {integrity: sha512-1rYdTpyv03iycF1+BhzrzQJCdOuAOtaqHTWJZCWvijKD2N5Xu0TtVC8/+1faWqcP9iBCWOmjmhoH94dH82BxPQ==}
    engines: {node: '>=12'}
    cpu: [x64]
    os: [linux]

  '@esbuild/netbsd-x64@0.21.5':
    resolution: {integrity: sha512-Woi2MXzXjMULccIwMnLciyZH4nCIMpWQAs049KEeMvOcNADVxo0UBIQPfSmxB3CWKedngg7sWZdLvLczpe0tLg==}
    engines: {node: '>=12'}
    cpu: [x64]
    os: [netbsd]

  '@esbuild/openbsd-x64@0.21.5':
    resolution: {integrity: sha512-HLNNw99xsvx12lFBUwoT8EVCsSvRNDVxNpjZ7bPn947b8gJPzeHWyNVhFsaerc0n3TsbOINvRP2byTZ5LKezow==}
    engines: {node: '>=12'}
    cpu: [x64]
    os: [openbsd]

  '@esbuild/sunos-x64@0.21.5':
    resolution: {integrity: sha512-6+gjmFpfy0BHU5Tpptkuh8+uw3mnrvgs+dSPQXQOv3ekbordwnzTVEb4qnIvQcYXq6gzkyTnoZ9dZG+D4garKg==}
    engines: {node: '>=12'}
    cpu: [x64]
    os: [sunos]

  '@esbuild/win32-arm64@0.21.5':
    resolution: {integrity: sha512-Z0gOTd75VvXqyq7nsl93zwahcTROgqvuAcYDUr+vOv8uHhNSKROyU961kgtCD1e95IqPKSQKH7tBTslnS3tA8A==}
    engines: {node: '>=12'}
    cpu: [arm64]
    os: [win32]

  '@esbuild/win32-ia32@0.21.5':
    resolution: {integrity: sha512-SWXFF1CL2RVNMaVs+BBClwtfZSvDgtL//G/smwAc5oVK/UPu2Gu9tIaRgFmYFFKrmg3SyAjSrElf0TiJ1v8fYA==}
    engines: {node: '>=12'}
    cpu: [ia32]
    os: [win32]

  '@esbuild/win32-x64@0.21.5':
    resolution: {integrity: sha512-tQd/1efJuzPC6rCFwEvLtci/xNFcTZknmXs98FYDfGE4wP9ClFV98nyKrzJKVPMhdDnjzLhdUyMX4PsQAPjwIw==}
    engines: {node: '>=12'}
    cpu: [x64]
    os: [win32]

  '@jridgewell/sourcemap-codec@1.5.5':
    resolution: {integrity: sha512-cYQ9310grqxueWbl+WuIUIaiUaDcj7WOq5fVhEljNVgRfOUhY9fy2zTvfoqWsnebh8Sl70VScFbICvJnLKB0Og==}

  '@rollup/rollup-android-arm-eabi@4.61.1':
    resolution: {integrity: sha512-JnBB8MdXj45cajvTuO5FmPlvFVJRQgvrz1uSEl3NwqFnReAPGwb8EanbGi4z2nRaqLzjJSv5/JmycoTKlRZxHA==}
    cpu: [arm]
    os: [android]

  '@rollup/rollup-android-arm64@4.61.1':
    resolution: {integrity: sha512-Jx2g7iSjw4AOT0HDPHM9RV3GNjRXwybWtSFZiZAYUTjUwjVrYIwq3kBf+LnhqJlzXFAqTAh2F7IGI+O568exPw==}
    cpu: [arm64]
    os: [android]

  '@rollup/rollup-darwin-arm64@4.61.1':
    resolution: {integrity: sha512-0F1L/Z3Eqv8mT2n3dCpeO8GcTvHvVqkP5/t6DMsn0KzhYVcg+s7Ncl5DS8qjKYEeio6Az0Gt6nyBORay5qIlCA==}
    cpu: [arm64]
    os: [darwin]

  '@rollup/rollup-darwin-x64@4.61.1':
    resolution: {integrity: sha512-qLttcH871ujY4YcVfUSShhOw+CsoTatYz8gRbHO7Bb92QH059/P0y5do1KMs41fY0BpD2x4AJH/gID0zFiqVKQ==}
    cpu: [x64]
    os: [darwin]

  '@rollup/rollup-freebsd-arm64@4.61.1':
    resolution: {integrity: sha512-fUI4RapGE0Oh3mb8mgfvC1O2nU1RpDZUKnDQm3xB1Ipg7C2wTs5Kstz7G2uWK99a8S2yTMq8/P4uycwNa0nJyw==}
    cpu: [arm64]
    os: [freebsd]

  '@rollup/rollup-freebsd-x64@4.61.1':
    resolution: {integrity: sha512-H5YrdvJaDtI/U9/emrD4b++xkvp3y/JvOe4rizHbxvkyMfRS/CiRYdji+Pl8D0brEaNFWUh1drQxgAGIl6Xudw==}
    cpu: [x64]
    os: [freebsd]

  '@rollup/rollup-linux-arm-gnueabihf@4.61.1':
    resolution: {integrity: sha512-Q8CBCCQtDFrYtXoeUXSrnFXKOnyUhx6bz+SkL6A0E7V8kAiCJ5pamq1WtbfpVGhR5TSpXY6ak3avmDc5fHTyJA==}
    cpu: [arm]
    os: [linux]
    libc: [glibc]

  '@rollup/rollup-linux-arm-musleabihf@4.61.1':
    resolution: {integrity: sha512-nwnhk1581l0FBVellGcVCAT0Oi06onEA3WB53sf01VO3I0UPBkMH9sXONYME2K0ovXcNayJfNtHfm6mpJElatQ==}
    cpu: [arm]
    os: [linux]
    libc: [musl]

  '@rollup/rollup-linux-arm64-gnu@4.61.1':
    resolution: {integrity: sha512-x5Xr49hwt3hdW75UOZm3395YwwzPyauktslv29KpWL/T+vVAzoT3azLcTWv0eMciBNrx+DYjH4paehHoLpPvpg==}
    cpu: [arm64]
    os: [linux]
    libc: [glibc]

  '@rollup/rollup-linux-arm64-musl@4.61.1':
    resolution: {integrity: sha512-unMS3H73DpaoPyyEVPjGKleM/s0mkmsauTENpw4INQY8y4+IuLNjkueQ5QCtC0D3N38Y38yhAU8OoZ20S2Tm6w==}
    cpu: [arm64]
    os: [linux]
    libc: [musl]

  '@rollup/rollup-linux-loong64-gnu@4.61.1':
    resolution: {integrity: sha512-zNZzGRnAhwjFEYmvphJRV5XaQGjs62cCmeYYHUT//NbvEnHauw+I85nGG+SiVg5ld4GX8D1IbKIX+ozITQnhMQ==}
    cpu: [loong64]
    os: [linux]
    libc: [glibc]

  '@rollup/rollup-linux-loong64-musl@4.61.1':
    resolution: {integrity: sha512-LdpWGL8X209B2SIvWjqlc8VZgM6PKfontSerGepuldQmHYrAOtnMCXeJkxXGbC+PPZVOuu5czJo7fNV6aeW8rQ==}
    cpu: [loong64]
    os: [linux]
    libc: [musl]

  '@rollup/rollup-linux-ppc64-gnu@4.61.1':
    resolution: {integrity: sha512-EC5kTtNaNGOmbMGqar8dvJy6y/hg99GAwjfBz++pxZhQATXGcRjd6c5en5wcbru0vkRmiMGsQKdMJOOf6sza4g==}
    cpu: [ppc64]
    os: [linux]
    libc: [glibc]

  '@rollup/rollup-linux-ppc64-musl@4.61.1':
    resolution: {integrity: sha512-8hiwp6D4acEcNK78I4rP0/XtS1sknWIAMJBPdR4l6zUtyTm5KiTDr5bXmWt4foY7nAN7AThDHgkLIEZOWKbzWw==}
    cpu: [ppc64]
    os: [linux]
    libc: [musl]

  '@rollup/rollup-linux-riscv64-gnu@4.61.1':
    resolution: {integrity: sha512-10dh/h/BqA7DuMPWSxkR8uks18FRwnwOEqr5zOTEl+NOwP/OMzKX8OFR/Of9xxDA7D5qef1Nzar5WDD2kCCr1g==}
    cpu: [riscv64]
    os: [linux]
    libc: [glibc]

  '@rollup/rollup-linux-riscv64-musl@4.61.1':
    resolution: {integrity: sha512-YKJ5lg35DP17gcAOggnihe+APw9HLyj1Xn7gsmGumBJAUDa6NGXNixJzmkWLhcK9TOuuyQjdamzvJefkO7qHZQ==}
    cpu: [riscv64]
    os: [linux]
    libc: [musl]

  '@rollup/rollup-linux-s390x-gnu@4.61.1':
    resolution: {integrity: sha512-Mlil5G2Jj6a7B3LWGctg+XPL9vdXYuzCtNXfxOQ0nPjc2m6ueUktocPGH9bnAM0bNRKb/bAWTujUU7IJQdQA+g==}
    cpu: [s390x]
    os: [linux]
    libc: [glibc]

  '@rollup/rollup-linux-x64-gnu@4.61.1':
    resolution: {integrity: sha512-bVWIOIk6pV01p4CdUbPP7CJ/434z+OooYjDuFcR+44N35YvKUC66G8MGnvcWx5mWKW3g61J+t74l3Kj15Kwn2Q==}
    cpu: [x64]
    os: [linux]
    libc: [glibc]

  '@rollup/rollup-linux-x64-musl@4.61.1':
    resolution: {integrity: sha512-qy5pBvZbqNFheBz61R1rzsezjm0J7O2oNGoWtGoY89SZYLUfxAJTBAqDChqAIdB4rCiIbi9nF7yZ83GnNiLwSw==}
    cpu: [x64]
    os: [linux]
    libc: [musl]

  '@rollup/rollup-openbsd-x64@4.61.1':
    resolution: {integrity: sha512-E83TXjI4zm0+5f2qO+UOudaCYIhYwpJ5jq6YCZNIZ+6CbfhKrkAGezeiASBL9ElxAxFsRS9ZhESv8mfnj6TKeg==}
    cpu: [x64]
    os: [openbsd]

  '@rollup/rollup-openharmony-arm64@4.61.1':
    resolution: {integrity: sha512-fbWnKqVkjrJN38vNe3ahkbk6iejS/3b0Nt7EEtPpE6RBacZcGXNKbzfHN3GUUlXOPghUg0j6XUGrtjX9z1sIvA==}
    cpu: [arm64]
    os: [openharmony]

  '@rollup/rollup-win32-arm64-msvc@4.61.1':
    resolution: {integrity: sha512-ArMl38iVAbk0New1ogihQNY6iphLi4ZaRsa037gUzv5yeKPY8TD3Dmy4x2RNC1VztU/uqm+G+/RwFrSka3Oy2g==}
    cpu: [arm64]
    os: [win32]

  '@rollup/rollup-win32-ia32-msvc@4.61.1':
    resolution: {integrity: sha512-0mYtjHS9ucAbcATycCNK9IGBk/cCe/ma7EmSLGZdsxnOA8cjRIyU04wDpVAD9NiOfLUR9KTxdiO53uOkherqjQ==}
    cpu: [ia32]
    os: [win32]

  '@rollup/rollup-win32-x64-gnu@4.61.1':
    resolution: {integrity: sha512-gK1iCEPfpoSG9wfBihXxvBMi8ZfcWffYkEsC/Eih+iFENTaewvNcrEQ69lIOWYO5pePHKLHHO7nq5AILGO/HQQ==}
    cpu: [x64]
    os: [win32]

  '@rollup/rollup-win32-x64-msvc@4.61.1':
    resolution: {integrity: sha512-X+zaP2x+j4RXGfbp/seSoRHWnPxzApilDszisZxbYH5C/jTxFhCtDNdPGZb9lJyYPs24wGxruPF7Y+sIXt9Gzw==}
    cpu: [x64]
    os: [win32]

  '@types/estree@1.0.9':
    resolution: {integrity: sha512-GhdPgy1el4/ImP05X05Uw4cw2/M93BCUmnEvWZNStlCzEKME4Fkk+YpoA5OiHNQmoS7Cafb8Xa3Pya8m1Qrzeg==}

  '@types/node@25.9.2':
    resolution: {integrity: sha512-G05zqtJhcDLb8uslf5EjCxXg9G1KQxiV8OS0R26IC//Eoyitzqe8z37I7cqvnZlrlSfgocQRfSn/AHBZJJFyGw==}

  '@vitejs/plugin-vue@5.2.4':
    resolution: {integrity: sha512-7Yx/SXSOcQq5HiiV3orevHUFn+pmMB4cgbEkDYgnkUWb0WfeQ/wa2yFv6D5ICiCQOVpjA7vYDXrC7AGO8yjDHA==}
    engines: {node: ^18.0.0 || >=20.0.0}
    peerDependencies:
      vite: ^5.0.0 || ^6.0.0
      vue: ^3.2.25

  '@volar/language-core@2.4.15':
    resolution: {integrity: sha512-3VHw+QZU0ZG9IuQmzT68IyN4hZNd9GchGPhbD9+pa8CVv7rnoOZwo7T8weIbrRmihqy3ATpdfXFnqRrfPVK6CA==}

  '@volar/source-map@2.4.15':
    resolution: {integrity: sha512-CPbMWlUN6hVZJYGcU/GSoHu4EnCHiLaXI9n8c9la6RaI9W5JHX+NqG+GSQcB0JdC2FIBLdZJwGsfKyBB71VlTg==}

  '@volar/typescript@2.4.15':
    resolution: {integrity: sha512-2aZ8i0cqPGjXb4BhkMsPYDkkuc2ZQ6yOpqwAuNwUoncELqoy5fRgOQtLR9gB0g902iS0NAkvpIzs27geVyVdPg==}

  '@vue/compiler-core@3.5.35':
    resolution: {integrity: sha512-BUmHaR1J+O+CKZ9uJucdVTEr1LHsdyvv7vG3eNRhK3CczEHeMd/LtsHAuD7PbrxvI2envCY2v7HI1vC1aBRzKw==}

  '@vue/compiler-dom@3.5.35':
    resolution: {integrity: sha512-k+bprkXxuqhVajgTx5mUHuir7TwQzUKOWR40ng1ncAqQRPnrLngGGgqVEEhOnTMlc8btHYVKmrP8s5Qyg0hvYA==}

  '@vue/compiler-sfc@3.5.35':
    resolution: {integrity: sha512-G5VPMcXTSywXBgtFOZOnHKBxKSrwXUcvY1iaF5/hRcy7t0J6CH/d8ha9F4nzi00Fax1eLV0QHM7v4mQu68jydw==}

  '@vue/compiler-ssr@3.5.35':
    resolution: {integrity: sha512-rGhAeXgdM7/ffTJGXT69rCCdTmjDewnFuUZfBQQHTdcEBeWdT5HCGY60y2ytLJr9/Dsu7IntUi5z/w0h6Rjnzw==}

  '@vue/compiler-vue2@2.7.16':
    resolution: {integrity: sha512-qYC3Psj9S/mfu9uVi5WvNZIzq+xnXMhOwbTFKKDD7b1lhpnn71jXSFdTQ+WsIEk0ONCd7VV2IMm7ONl6tbQ86A==}

  '@vue/devtools-api@6.6.4':
    resolution: {integrity: sha512-sGhTPMuXqZ1rVOk32RylztWkfXTRhuS7vgAKv0zjqk8gbsHkJ7xfFf+jbySxt7tWObEJwyKaHMikV/WGDiQm8g==}

  '@vue/language-core@2.2.12':
    resolution: {integrity: sha512-IsGljWbKGU1MZpBPN+BvPAdr55YPkj2nB/TBNGNC32Vy2qLG25DYu/NBN2vNtZqdRbTRjaoYrahLrToim2NanA==}
    peerDependencies:
      typescript: '*'
    peerDependenciesMeta:
      typescript:
        optional: true

  '@vue/reactivity@3.5.35':
    resolution: {integrity: sha512-tVc+SsHConvh/Lz64qq1pP3rYArBmK42xonovEcxY74SQtvctZodG/zhq54P5dr38cVuw25d27cPNRdlMidpGQ==}

  '@vue/runtime-core@3.5.35':
    resolution: {integrity: sha512-A/xFNX9loIcWDygeQuNCfKuh0CoYBzxhqEMNah5TSFg9Z53DrFYEN2qi5CU9necjM1OWYegYREUTHmXTmhfXtg==}

  '@vue/runtime-dom@3.5.35':
    resolution: {integrity: sha512-odrJ1C391dbGnyDRh8U+rnP7J2amIEzfmRk5vXy7xi3aZhEXofTvpi0T4HJb6jlNqQZTNPR5MPHSB3RHNkIORA==}

  '@vue/server-renderer@3.5.35':
    resolution: {integrity: sha512-NkebSOYdB97wi8OQcO3HqzZSlymJi/aWsN/7h74OSVhRTm6qGs3Jp3e0rCXynmWwSlKeRrnlIug+ilYoHBmQDA==}
    peerDependencies:
      vue: 3.5.35

  '@vue/shared@3.5.35':
    resolution: {integrity: sha512-zSbjL7gRXwks2ZQLRGCajBtBXEOXW9Ddhn/HvSdrGkE2dqGnumzW8XtusRrxrE9LvqtiqDXQ+A60Hp6mvdYxfA==}

  alien-signals@1.0.13:
    resolution: {integrity: sha512-OGj9yyTnJEttvzhTUWuscOvtqxq5vrhF7vL9oS0xJ2mK0ItPYP1/y+vCFebfxoEyAz0++1AIwJ5CMr+Fk3nDmg==}

  balanced-match@1.0.2:
    resolution: {integrity: sha512-3oSeUO0TMV67hN1AmbXsK4yaqU7tjiHlbxRDZOpH0KW9+CeX4bRAaX0Anxt0tx2MrpRpWwQaPwIlISEJhYU5Pw==}

  brace-expansion@2.1.1:
    resolution: {integrity: sha512-WR1cURNjuvBLMZBMbqM0UoE+WAfdUcEV1ccD8PVBVOI+Z3ND4+SZbN8RsfT2bMuG1qwz5RFvPukSZm5fF2D5eA==}

  csstype@3.2.3:
    resolution: {integrity: sha512-z1HGKcYy2xA8AGQfwrn0PAy+PB7X/GSj3UVJW9qKyn43xWa+gl5nXmU4qqLMRzWVLFC8KusUX8T/0kCiOYpAIQ==}

  de-indent@1.0.2:
    resolution: {integrity: sha512-e/1zu3xH5MQryN2zdVaF0OrdNLUbvWxzMbi+iNA6Bky7l1RoP8a2fIbRocyHclXt/arDrrR6lL3TqFD9pMQTsg==}

  entities@7.0.1:
    resolution: {integrity: sha512-TWrgLOFUQTH994YUyl1yT4uyavY5nNB5muff+RtWaqNVCAK408b5ZnnbNAUEWLTCpum9w6arT70i1XdQ4UeOPA==}
    engines: {node: '>=0.12'}

  esbuild@0.21.5:
    resolution: {integrity: sha512-mg3OPMV4hXywwpoDxu3Qda5xCKQi+vCTZq8S9J/EpkhB2HzKXq4SNFZE3+NK93JYxc8VMSep+lOUSC/RVKaBqw==}
    engines: {node: '>=12'}
    hasBin: true

  estree-walker@2.0.2:
    resolution: {integrity: sha512-Rfkk/Mp/DL7JVje3u18FxFujQlTNR2q6QfMSMB7AvCBx91NGj/ba3kCfza0f6dVDbw7YlRf/nDrn7pQrCCyQ/w==}

  fsevents@2.3.3:
    resolution: {integrity: sha512-5xoDfX+fL7faATnagmWPpbFtwh/R77WmMMqqHGS65C3vvB0YHrgF+B1YmZ3441tMj5n63k0212XNoJwzlhffQw==}
    engines: {node: ^8.16.0 || ^10.6.0 || >=11.0.0}
    os: [darwin]

  he@1.2.0:
    resolution: {integrity: sha512-F/1DnUGPopORZi0ni+CvrCgHQ5FyEAHRLSApuYWMmrbSwoN2Mn/7k+Gl38gJnR7yyDZk6WLXwiGod1JOWNDKGw==}
    hasBin: true

  magic-string@0.30.21:
    resolution: {integrity: sha512-vd2F4YUyEXKGcLHoq+TEyCjxueSeHnFxyyjNp80yg0XV4vUhnDer/lvvlqM/arB5bXQN5K2/3oinyCRyx8T2CQ==}

  minimatch@9.0.9:
    resolution: {integrity: sha512-OBwBN9AL4dqmETlpS2zasx+vTeWclWzkblfZk7KTA5j3jeOONz/tRCnZomUyvNg83wL5Zv9Ss6HMJXAgL8R2Yg==}
    engines: {node: '>=16 || 14 >=14.17'}

  muggle-string@0.4.1:
    resolution: {integrity: sha512-VNTrAak/KhO2i8dqqnqnAHOa3cYBwXEZe9h+D5h/1ZqFSTEFHdM65lR7RoIqq3tBBYavsOXV84NoHXZ0AkPyqQ==}

  nanoid@3.3.12:
    resolution: {integrity: sha512-ZB9RH/39qpq5Vu6Y+NmUaFhQR6pp+M2Xt76XBnEwDaGcVAqhlvxrl3B2bKS5D3NH3QR76v3aSrKaF/Kiy7lEtQ==}
    engines: {node: ^10 || ^12 || ^13.7 || ^14 || >=15.0.1}
    hasBin: true

  path-browserify@1.0.1:
    resolution: {integrity: sha512-b7uo2UCUOYZcnF/3ID0lulOJi/bafxa1xPe7ZPsammBSpjSWQkjNxlt635YGS2MiR9GjvuXCtz2emr3jbsz98g==}

  picocolors@1.1.1:
    resolution: {integrity: sha512-xceH2snhtb5M9liqDsmEw56le376mTZkEX/jEb/RxNFyegNul7eNslCXP9FDj/Lcu0X8KEyMceP2ntpaHrDEVA==}

  pinia@2.3.1:
    resolution: {integrity: sha512-khUlZSwt9xXCaTbbxFYBKDc/bWAGWJjOgvxETwkTN7KRm66EeT1ZdZj6i2ceh9sP2Pzqsbc704r2yngBrxBVug==}
    peerDependencies:
      typescript: '>=4.4.4'
      vue: ^2.7.0 || ^3.5.11
    peerDependenciesMeta:
      typescript:
        optional: true

  postcss@8.5.15:
    resolution: {integrity: sha512-FfR8sjd4em2T6fb3I2MwAJU7HWVMr9zba+enmQeeWFfCbm+UOC/0X4DS8XtpUTMwWMGbjKYP7xjfNekzyGmB3A==}
    engines: {node: ^10 || ^12 || >=14}

  rollup@4.61.1:
    resolution: {integrity: sha512-I4KW6iuRpuu2uHBLraZ1wNZe0DP7lnRha+VJ9tNaYVaVgKhW0aI3h4RYnoRPeql0flHm/Co55b7snEDcOfOJrA==}
    engines: {node: '>=18.0.0', npm: '>=8.0.0'}
    hasBin: true

  source-map-js@1.2.1:
    resolution: {integrity: sha512-UXWMKhLOwVKb728IUtQPXxfYU+usdybtUrK/8uGE8CQMvrhOpwvzDBwj0QhSL7MQc7vIsISBG8VQ8+IDQxpfQA==}
    engines: {node: '>=0.10.0'}

  typescript@5.9.3:
    resolution: {integrity: sha512-jl1vZzPDinLr9eUt3J/t7V6FgNEw9QjvBPdysz9KfQDD41fQrC2Y4vKQdiaUpFT4bXlb1RHhLpp8wtm6M5TgSw==}
    engines: {node: '>=14.17'}
    hasBin: true

  undici-types@7.24.6:
    resolution: {integrity: sha512-WRNW+sJgj5OBN4/0JpHFqtqzhpbnV0GuB+OozA9gCL7a993SmU+1JBZCzLNxYsbMfIeDL+lTsphD5jN5N+n0zg==}

  vite@5.4.21:
    resolution: {integrity: sha512-o5a9xKjbtuhY6Bi5S3+HvbRERmouabWbyUcpXXUA1u+GNUKoROi9byOJ8M0nHbHYHkYICiMlqxkg1KkYmm25Sw==}
    engines: {node: ^18.0.0 || >=20.0.0}
    hasBin: true
    peerDependencies:
      '@types/node': ^18.0.0 || >=20.0.0
      less: '*'
      lightningcss: ^1.21.0
      sass: '*'
      sass-embedded: '*'
      stylus: '*'
      sugarss: '*'
      terser: ^5.4.0
    peerDependenciesMeta:
      '@types/node':
        optional: true
      less:
        optional: true
      lightningcss:
        optional: true
      sass:
        optional: true
      sass-embedded:
        optional: true
      stylus:
        optional: true
      sugarss:
        optional: true
      terser:
        optional: true

  vscode-uri@3.1.0:
    resolution: {integrity: sha512-/BpdSx+yCQGnCvecbyXdxHDkuk55/G3xwnC0GqY4gmQ3j+A+g8kzzgB4Nk/SINjqn6+waqw3EgbVF2QKExkRxQ==}

  vue-demi@0.14.10:
    resolution: {integrity: sha512-nMZBOwuzabUO0nLgIcc6rycZEebF6eeUfaiQx9+WSk8e29IbLvPU9feI6tqW4kTo3hvoYAJkMh8n8D0fuISphg==}
    engines: {node: '>=12'}
    hasBin: true
    peerDependencies:
      '@vue/composition-api': ^1.0.0-rc.1
      vue: ^3.0.0-0 || ^2.6.0
    peerDependenciesMeta:
      '@vue/composition-api':
        optional: true

  vue-router@4.6.4:
    resolution: {integrity: sha512-Hz9q5sa33Yhduglwz6g9skT8OBPii+4bFn88w6J+J4MfEo4KRRpmiNG/hHHkdbRFlLBOqxN8y8gf2Fb0MTUgVg==}
    peerDependencies:
      vue: ^3.5.0

  vue-tsc@2.2.12:
    resolution: {integrity: sha512-P7OP77b2h/Pmk+lZdJ0YWs+5tJ6J2+uOQPo7tlBnY44QqQSPYvS0qVT4wqDJgwrZaLe47etJLLQRFia71GYITw==}
    hasBin: true
    peerDependencies:
      typescript: '>=5.0.0'

  vue@3.5.35:
    resolution: {integrity: sha512-cx89fnr+0kVGHiNFG6y6s0bdjypJRFNZn6x3WPstNdQR1bi1mbB7h4v5IBGTsPJU3nK1+0Iqj3Zf+hZWMieR4Q==}
    peerDependencies:
      typescript: '*'
    peerDependenciesMeta:
      typescript:
        optional: true

snapshots:

  '@babel/helper-string-parser@7.29.7': {}

  '@babel/helper-validator-identifier@7.29.7': {}

  '@babel/parser@7.29.7':
    dependencies:
      '@babel/types': 7.29.7

  '@babel/types@7.29.7':
    dependencies:
      '@babel/helper-string-parser': 7.29.7
      '@babel/helper-validator-identifier': 7.29.7

  '@esbuild/aix-ppc64@0.21.5':
    optional: true

  '@esbuild/android-arm64@0.21.5':
    optional: true

  '@esbuild/android-arm@0.21.5':
    optional: true

  '@esbuild/android-x64@0.21.5':
    optional: true

  '@esbuild/darwin-arm64@0.21.5':
    optional: true

  '@esbuild/darwin-x64@0.21.5':
    optional: true

  '@esbuild/freebsd-arm64@0.21.5':
    optional: true

  '@esbuild/freebsd-x64@0.21.5':
    optional: true

  '@esbuild/linux-arm64@0.21.5':
    optional: true

  '@esbuild/linux-arm@0.21.5':
    optional: true

  '@esbuild/linux-ia32@0.21.5':
    optional: true

  '@esbuild/linux-loong64@0.21.5':
    optional: true

  '@esbuild/linux-mips64el@0.21.5':
    optional: true

  '@esbuild/linux-ppc64@0.21.5':
    optional: true

  '@esbuild/linux-riscv64@0.21.5':
    optional: true

  '@esbuild/linux-s390x@0.21.5':
    optional: true

  '@esbuild/linux-x64@0.21.5':
    optional: true

  '@esbuild/netbsd-x64@0.21.5':
    optional: true

  '@esbuild/openbsd-x64@0.21.5':
    optional: true

  '@esbuild/sunos-x64@0.21.5':
    optional: true

  '@esbuild/win32-arm64@0.21.5':
    optional: true

  '@esbuild/win32-ia32@0.21.5':
    optional: true

  '@esbuild/win32-x64@0.21.5':
    optional: true

  '@jridgewell/sourcemap-codec@1.5.5': {}

  '@rollup/rollup-android-arm-eabi@4.61.1':
    optional: true

  '@rollup/rollup-android-arm64@4.61.1':
    optional: true

  '@rollup/rollup-darwin-arm64@4.61.1':
    optional: true

  '@rollup/rollup-darwin-x64@4.61.1':
    optional: true

  '@rollup/rollup-freebsd-arm64@4.61.1':
    optional: true

  '@rollup/rollup-freebsd-x64@4.61.1':
    optional: true

  '@rollup/rollup-linux-arm-gnueabihf@4.61.1':
    optional: true

  '@rollup/rollup-linux-arm-musleabihf@4.61.1':
    optional: true

  '@rollup/rollup-linux-arm64-gnu@4.61.1':
    optional: true

  '@rollup/rollup-linux-arm64-musl@4.61.1':
    optional: true

  '@rollup/rollup-linux-loong64-gnu@4.61.1':
    optional: true

  '@rollup/rollup-linux-loong64-musl@4.61.1':
    optional: true

  '@rollup/rollup-linux-ppc64-gnu@4.61.1':
    optional: true

  '@rollup/rollup-linux-ppc64-musl@4.61.1':
    optional: true

  '@rollup/rollup-linux-riscv64-gnu@4.61.1':
    optional: true

  '@rollup/rollup-linux-riscv64-musl@4.61.1':
    optional: true

  '@rollup/rollup-linux-s390x-gnu@4.61.1':
    optional: true

  '@rollup/rollup-linux-x64-gnu@4.61.1':
    optional: true

  '@rollup/rollup-linux-x64-musl@4.61.1':
    optional: true

  '@rollup/rollup-openbsd-x64@4.61.1':
    optional: true

  '@rollup/rollup-openharmony-arm64@4.61.1':
    optional: true

  '@rollup/rollup-win32-arm64-msvc@4.61.1':
    optional: true

  '@rollup/rollup-win32-ia32-msvc@4.61.1':
    optional: true

  '@rollup/rollup-win32-x64-gnu@4.61.1':
    optional: true

  '@rollup/rollup-win32-x64-msvc@4.61.1':
    optional: true

  '@types/estree@1.0.9': {}

  '@types/node@25.9.2':
    dependencies:
      undici-types: 7.24.6
    optional: true

  '@vitejs/plugin-vue@5.2.4(vite@5.4.21(@types/node@25.9.2))(vue@3.5.35(typescript@5.9.3))':
    dependencies:
      vite: 5.4.21(@types/node@25.9.2)
      vue: 3.5.35(typescript@5.9.3)

  '@volar/language-core@2.4.15':
    dependencies:
      '@volar/source-map': 2.4.15

  '@volar/source-map@2.4.15': {}

  '@volar/typescript@2.4.15':
    dependencies:
      '@volar/language-core': 2.4.15
      path-browserify: 1.0.1
      vscode-uri: 3.1.0

  '@vue/compiler-core@3.5.35':
    dependencies:
      '@babel/parser': 7.29.7
      '@vue/shared': 3.5.35
      entities: 7.0.1
      estree-walker: 2.0.2
      source-map-js: 1.2.1

  '@vue/compiler-dom@3.5.35':
    dependencies:
      '@vue/compiler-core': 3.5.35
      '@vue/shared': 3.5.35

  '@vue/compiler-sfc@3.5.35':
    dependencies:
      '@babel/parser': 7.29.7
      '@vue/compiler-core': 3.5.35
      '@vue/compiler-dom': 3.5.35
      '@vue/compiler-ssr': 3.5.35
      '@vue/shared': 3.5.35
      estree-walker: 2.0.2
      magic-string: 0.30.21
      postcss: 8.5.15
      source-map-js: 1.2.1

  '@vue/compiler-ssr@3.5.35':
    dependencies:
      '@vue/compiler-dom': 3.5.35
      '@vue/shared': 3.5.35

  '@vue/compiler-vue2@2.7.16':
    dependencies:
      de-indent: 1.0.2
      he: 1.2.0

  '@vue/devtools-api@6.6.4': {}

  '@vue/language-core@2.2.12(typescript@5.9.3)':
    dependencies:
      '@volar/language-core': 2.4.15
      '@vue/compiler-dom': 3.5.35
      '@vue/compiler-vue2': 2.7.16
      '@vue/shared': 3.5.35
      alien-signals: 1.0.13
      minimatch: 9.0.9
      muggle-string: 0.4.1
      path-browserify: 1.0.1
    optionalDependencies:
      typescript: 5.9.3

  '@vue/reactivity@3.5.35':
    dependencies:
      '@vue/shared': 3.5.35

  '@vue/runtime-core@3.5.35':
    dependencies:
      '@vue/reactivity': 3.5.35
      '@vue/shared': 3.5.35

  '@vue/runtime-dom@3.5.35':
    dependencies:
      '@vue/reactivity': 3.5.35
      '@vue/runtime-core': 3.5.35
      '@vue/shared': 3.5.35
      csstype: 3.2.3

  '@vue/server-renderer@3.5.35(vue@3.5.35(typescript@5.9.3))':
    dependencies:
      '@vue/compiler-ssr': 3.5.35
      '@vue/shared': 3.5.35
      vue: 3.5.35(typescript@5.9.3)

  '@vue/shared@3.5.35': {}

  alien-signals@1.0.13: {}

  balanced-match@1.0.2: {}

  brace-expansion@2.1.1:
    dependencies:
      balanced-match: 1.0.2

  csstype@3.2.3: {}

  de-indent@1.0.2: {}

  entities@7.0.1: {}

  esbuild@0.21.5:
    optionalDependencies:
      '@esbuild/aix-ppc64': 0.21.5
      '@esbuild/android-arm': 0.21.5
      '@esbuild/android-arm64': 0.21.5
      '@esbuild/android-x64': 0.21.5
      '@esbuild/darwin-arm64': 0.21.5
      '@esbuild/darwin-x64': 0.21.5
      '@esbuild/freebsd-arm64': 0.21.5
      '@esbuild/freebsd-x64': 0.21.5
      '@esbuild/linux-arm': 0.21.5
      '@esbuild/linux-arm64': 0.21.5
      '@esbuild/linux-ia32': 0.21.5
      '@esbuild/linux-loong64': 0.21.5
      '@esbuild/linux-mips64el': 0.21.5
      '@esbuild/linux-ppc64': 0.21.5
      '@esbuild/linux-riscv64': 0.21.5
      '@esbuild/linux-s390x': 0.21.5
      '@esbuild/linux-x64': 0.21.5
      '@esbuild/netbsd-x64': 0.21.5
      '@esbuild/openbsd-x64': 0.21.5
      '@esbuild/sunos-x64': 0.21.5
      '@esbuild/win32-arm64': 0.21.5
      '@esbuild/win32-ia32': 0.21.5
      '@esbuild/win32-x64': 0.21.5

  estree-walker@2.0.2: {}

  fsevents@2.3.3:
    optional: true

  he@1.2.0: {}

  magic-string@0.30.21:
    dependencies:
      '@jridgewell/sourcemap-codec': 1.5.5

  minimatch@9.0.9:
    dependencies:
      brace-expansion: 2.1.1

  muggle-string@0.4.1: {}

  nanoid@3.3.12: {}

  path-browserify@1.0.1: {}

  picocolors@1.1.1: {}

  pinia@2.3.1(typescript@5.9.3)(vue@3.5.35(typescript@5.9.3)):
    dependencies:
      '@vue/devtools-api': 6.6.4
      vue: 3.5.35(typescript@5.9.3)
      vue-demi: 0.14.10(vue@3.5.35(typescript@5.9.3))
    optionalDependencies:
      typescript: 5.9.3
    transitivePeerDependencies:
      - '@vue/composition-api'

  postcss@8.5.15:
    dependencies:
      nanoid: 3.3.12
      picocolors: 1.1.1
      source-map-js: 1.2.1

  rollup@4.61.1:
    dependencies:
      '@types/estree': 1.0.9
    optionalDependencies:
      '@rollup/rollup-android-arm-eabi': 4.61.1
      '@rollup/rollup-android-arm64': 4.61.1
      '@rollup/rollup-darwin-arm64': 4.61.1
      '@rollup/rollup-darwin-x64': 4.61.1
      '@rollup/rollup-freebsd-arm64': 4.61.1
      '@rollup/rollup-freebsd-x64': 4.61.1
      '@rollup/rollup-linux-arm-gnueabihf': 4.61.1
      '@rollup/rollup-linux-arm-musleabihf': 4.61.1
      '@rollup/rollup-linux-arm64-gnu': 4.61.1
      '@rollup/rollup-linux-arm64-musl': 4.61.1
      '@rollup/rollup-linux-loong64-gnu': 4.61.1
      '@rollup/rollup-linux-loong64-musl': 4.61.1
      '@rollup/rollup-linux-ppc64-gnu': 4.61.1
      '@rollup/rollup-linux-ppc64-musl': 4.61.1
      '@rollup/rollup-linux-riscv64-gnu': 4.61.1
      '@rollup/rollup-linux-riscv64-musl': 4.61.1
      '@rollup/rollup-linux-s390x-gnu': 4.61.1
      '@rollup/rollup-linux-x64-gnu': 4.61.1
      '@rollup/rollup-linux-x64-musl': 4.61.1
      '@rollup/rollup-openbsd-x64': 4.61.1
      '@rollup/rollup-openharmony-arm64': 4.61.1
      '@rollup/rollup-win32-arm64-msvc': 4.61.1
      '@rollup/rollup-win32-ia32-msvc': 4.61.1
      '@rollup/rollup-win32-x64-gnu': 4.61.1
      '@rollup/rollup-win32-x64-msvc': 4.61.1
      fsevents: 2.3.3

  source-map-js@1.2.1: {}

  typescript@5.9.3: {}

  undici-types@7.24.6:
    optional: true

  vite@5.4.21(@types/node@25.9.2):
    dependencies:
      esbuild: 0.21.5
      postcss: 8.5.15
      rollup: 4.61.1
    optionalDependencies:
      '@types/node': 25.9.2
      fsevents: 2.3.3

  vscode-uri@3.1.0: {}

  vue-demi@0.14.10(vue@3.5.35(typescript@5.9.3)):
    dependencies:
      vue: 3.5.35(typescript@5.9.3)

  vue-router@4.6.4(vue@3.5.35(typescript@5.9.3)):
    dependencies:
      '@vue/devtools-api': 6.6.4
      vue: 3.5.35(typescript@5.9.3)

  vue-tsc@2.2.12(typescript@5.9.3):
    dependencies:
      '@volar/typescript': 2.4.15
      '@vue/language-core': 2.2.12(typescript@5.9.3)
      typescript: 5.9.3

  vue@3.5.35(typescript@5.9.3):
    dependencies:
      '@vue/compiler-dom': 3.5.35
      '@vue/compiler-sfc': 3.5.35
      '@vue/runtime-dom': 3.5.35
      '@vue/server-renderer': 3.5.35(vue@3.5.35(typescript@5.9.3))
      '@vue/shared': 3.5.35
    optionalDependencies:
      typescript: 5.9.3
